
Microsoft Visual Studio Solution File, Format Version 12.00
# Visual Studio 15
VisualStudioVersion = 15.0.27703.2042
MinimumVisualStudioVersion = 10.0.40219.1
Project("{9A19103F-16F7-4668-BE54-9A1E7A4F7556}") = "TripTracker.BackService", "TripTracker.BackService\TripTracker.BackService.csproj", "{1AF0BF45-CAB3-476B-B2C4-9F019EC23B14}"
EndProject
Project("{9A19103F-16F7-4668-BE54-9A1E7A4F7556}") = "TripTracker.UI", "TripTracker.UI\TripTracker.UI.csproj", "{980D0F42-E8DF-423E-B04C-48E8E27D11C5}"
EndProject
Project("{E53339B2-1760-4266-BCC7-CA923CBCF16C}") = "docker-compose", "docker-compose.dcproj", "{93A75F44-0DE8-4D5A-8DB3-D5ADCFA27933}"
EndProject
Global
	GlobalSection(SolutionConfigurationPlatforms) = preSolution
		Debug|Any CPU = Debug|Any CPU
		Release|Any CPU = Release|Any CPU
	EndGlobalSection
	GlobalSection(ProjectConfigurationPlatforms) = postSolution
		{1AF0BF45-CAB3-476B-B2C4-9F019EC23B14}.Debug|Any CPU.ActiveCfg = Debug|Any CPU
		{1AF0BF45-CAB3-476B-B2C4-9F019EC23B14}.Debug|Any CPU.Build.0 = Debug|Any CPU
		{1AF0BF45-CAB3-476B-B2C4-9F019EC23B14}.Release|Any CPU.ActiveCfg = Release|Any CPU
		{1AF0BF45-CAB3-476B-B2C4-9F019EC23B14}.Release|Any CPU.Build.0 = Release|Any CPU
		{980D0F42-E8DF-423E-B04C-48E8E27D11C5}.Debug|Any CPU.ActiveCfg = Debug|Any CPU
		{980D0F42-E8DF-423E-B04C-48E8E27D11C5}.Debug|Any CPU.Build.0 = Debug|Any CPU
		{980D0F42-E8DF-423E-B04C-48E8E27D11C5}.Release|Any CPU.ActiveCfg = Release|Any CPU
		{980D0F42-E8DF-423E-B04C-48E8E27D11C5}.Release|Any CPU.Build.0 = Release|Any CPU
		{93A75F44-0DE8-4D5A-8DB3-D5ADCFA27933}.Debug|Any CPU.ActiveCfg = Debug|Any CPU
		{93A75F44-0DE8-4D5A-8DB3-D5ADCFA27933}.Debug|Any CPU.Build.0 = Debug|Any CPU
		{93A75F44-0DE8-4D5A-8DB3-D5ADCFA27933}.Release|Any CPU.ActiveCfg = Release|Any CPU
		{93A75F44-0DE8-4D5A-8DB3-D5ADCFA27933}.Release|Any CPU.Build.0 = Release|Any CPU
	EndGlobalSection
	GlobalSection(SolutionProperties) = preSolution
		HideSolutionNode = FALSE
	EndGlobalSection
	GlobalSection(ExtensibilityGlobals) = postSolution
		SolutionGuid = {B4F21084-2932-43CE-91DB-EB74E308F3D3}
	EndGlobalSection
EndGlobal
